
Microsoft Visual Studio Solution File, Format Version 12.00
# Visual Studio 2012
Project("{FAE04EC0-301F-11D3-BF4B-00C04F79EFBC}") = "Dicom", "Dicom.csproj", "{F9BE76D3-707A-4B26-B280-040C1A04EBAF}"
EndProject
Project("{FAE04EC0-301F-11D3-BF4B-00C04F79EFBC}") = "Common", "..\Common\Common.csproj", "{8FB88C91-E5D3-4BE4-AED7-E849B03C29B1}"
EndProject
Global
	GlobalSection(SolutionConfigurationPlatforms) = preSolution
		Debug|Any CPU = Debug|Any CPU
		Release|Any CPU = Release|Any CPU
	EndGlobalSection
	GlobalSection(ProjectConfigurationPlatforms) = postSolution
		{F9BE76D3-707A-4B26-B280-040C1A04EBAF}.Debug|Any CPU.ActiveCfg = Debug|Any CPU
		{F9BE76D3-707A-4B26-B280-040C1A04EBAF}.Debug|Any CPU.Build.0 = Debug|Any CPU
		{F9BE76D3-707A-4B26-B280-040C1A04EBAF}.Release|Any CPU.ActiveCfg = Release|Any CPU
		{F9BE76D3-707A-4B26-B280-040C1A04EBAF}.Release|Any CPU.Build.0 = Release|Any CPU
		{8FB88C91-E5D3-4BE4-AED7-E849B03C29B1}.Debug|Any CPU.ActiveCfg = Debug|Any CPU
		{8FB88C91-E5D3-4BE4-AED7-E849B03C29B1}.Debug|Any CPU.Build.0 = Debug|Any CPU
		{8FB88C91-E5D3-4BE4-AED7-E849B03C29B1}.Release|Any CPU.ActiveCfg = Release|Any CPU
		{8FB88C91-E5D3-4BE4-AED7-E849B03C29B1}.Release|Any CPU.Build.0 = Release|Any CPU
	EndGlobalSection
	GlobalSection(SolutionProperties) = preSolution
		HideSolutionNode = FALSE
	EndGlobalSection
EndGlobal
