
Microsoft Visual Studio Solution File, Format Version 12.00
# Visual Studio 2012
Project("{FAE04EC0-301F-11D3-BF4B-00C04F79EFBC}") = "Dicom", "Dicom.csproj", "{F9BE76D3-707A-4B26-B280-040C1A04EBAF}"
EndProject
Project("{FAE04EC0-301F-11D3-BF4B-00C04F79EFBC}") = "Common", "..\Common\Common.csproj", "{8FB88C91-E5D3-4BE4-AED7-E849B03C29B1}"
EndProject
Project("{FAE04EC0-301F-11D3-BF4B-00C04F79EFBC}") = "uWs.ImageView.Common", "..\uWs.ImageView.Common\uWs.ImageView.Common.csproj", "{C7B4B86F-45F2-4622-9870-A388BE2EFB78}"
EndProject
Project("{FAE04EC0-301F-11D3-BF4B-00C04F79EFBC}") = "uWS.ImageView.Shreds", "..\ImageView\uWS.ImageView.Shreds\uWS.ImageView.Shreds.csproj", "{9D01A1DF-B6DD-435E-BF85-48A333D2500B}"
EndProject
Project("{FAE04EC0-301F-11D3-BF4B-00C04F79EFBC}") = "uWS.Pacs.DbModel", "..\uWS.Pacs.DbModel\uWS.Pacs.DbModel.csproj", "{8BC1E668-7021-447A-9A16-0C79119334F0}"
EndProject
Project("{FAE04EC0-301F-11D3-BF4B-00C04F79EFBC}") = "uWS.Pacs.BussinessLogic", "..\uWS.Pacs.BussinessLogic\uWS.Pacs.BussinessLogic.csproj", "{35638DDF-5169-4FDF-B00B-0F9C9819A464}"
EndProject
Project("{FAE04EC0-301F-11D3-BF4B-00C04F79EFBC}") = "uWs.Pacs.Executable", "..\uWs.Pacs.Executable\uWs.Pacs.Executable.csproj", "{37938722-83C0-48E8-B17A-EFFD97431C7D}"
EndProject
Project("{FAE04EC0-301F-11D3-BF4B-00C04F79EFBC}") = "uWS.Pacs.DicomService", "..\uWS.Pacs.DicomService\uWS.Pacs.DicomService.csproj", "{6757B6BD-D5BD-4AA6-9ABA-C9645BB96E46}"
EndProject
Project("{FAE04EC0-301F-11D3-BF4B-00C04F79EFBC}") = "uWS.Pacs.Common", "..\uWS.Pacs.Common\uWS.Pacs.Common.csproj", "{F66E929B-AC0B-46EA-9334-5E4983F5E0AD}"
EndProject
Project("{2150E333-8FDC-42A3-9474-1A3956D46DE8}") = "TestProject", "TestProject", "{497624F3-0D60-43C1-A2FE-6EFB62DD23BE}"
EndProject
Project("{FAE04EC0-301F-11D3-BF4B-00C04F79EFBC}") = "ImageSender", "..\ImageSender\ImageSender.csproj", "{8F851BF8-5B3E-4679-95D7-FD4D7140A288}"
EndProject
Project("{FAE04EC0-301F-11D3-BF4B-00C04F79EFBC}") = "CharactersetTest", "..\ImageSender\CharactersetTest\CharactersetTest.csproj", "{BC0C2E65-1D47-40F0-AAA9-C26F634637B9}"
EndProject
Project("{FAE04EC0-301F-11D3-BF4B-00C04F79EFBC}") = "uWS.ImageView.Imapi2InteropWrapper", "..\uWS.ImageView.Burn\uWS.ImageView.Imapi2InteropWrapper.csproj", "{2FDE778A-C9CC-403B-A75C-80E2DF63FC9B}"
EndProject
Project("{FAE04EC0-301F-11D3-BF4B-00C04F79EFBC}") = "DicomWcfBridger", "..\DicomWcfBridger\DicomWcfBridger.csproj", "{DE512D82-C225-4824-8DE3-FA76F2F10548}"
EndProject
Project("{FAE04EC0-301F-11D3-BF4B-00C04F79EFBC}") = "FileLoadTest", "..\FileLoadTest\FileLoadTest.csproj", "{F9C7C99F-F9C5-4AA5-A49E-1F1855AFDC80}"
EndProject
Global
	GlobalSection(SolutionConfigurationPlatforms) = preSolution
		Debug|Any CPU = Debug|Any CPU
		Release|Any CPU = Release|Any CPU
	EndGlobalSection
	GlobalSection(ProjectConfigurationPlatforms) = postSolution
		{F9BE76D3-707A-4B26-B280-040C1A04EBAF}.Debug|Any CPU.ActiveCfg = Debug|Any CPU
		{F9BE76D3-707A-4B26-B280-040C1A04EBAF}.Debug|Any CPU.Build.0 = Debug|Any CPU
		{F9BE76D3-707A-4B26-B280-040C1A04EBAF}.Release|Any CPU.ActiveCfg = Release|Any CPU
		{F9BE76D3-707A-4B26-B280-040C1A04EBAF}.Release|Any CPU.Build.0 = Release|Any CPU
		{8FB88C91-E5D3-4BE4-AED7-E849B03C29B1}.Debug|Any CPU.ActiveCfg = Debug|Any CPU
		{8FB88C91-E5D3-4BE4-AED7-E849B03C29B1}.Debug|Any CPU.Build.0 = Debug|Any CPU
		{8FB88C91-E5D3-4BE4-AED7-E849B03C29B1}.Release|Any CPU.ActiveCfg = Release|Any CPU
		{8FB88C91-E5D3-4BE4-AED7-E849B03C29B1}.Release|Any CPU.Build.0 = Release|Any CPU
		{C7B4B86F-45F2-4622-9870-A388BE2EFB78}.Debug|Any CPU.ActiveCfg = Debug|Any CPU
		{C7B4B86F-45F2-4622-9870-A388BE2EFB78}.Debug|Any CPU.Build.0 = Debug|Any CPU
		{C7B4B86F-45F2-4622-9870-A388BE2EFB78}.Release|Any CPU.ActiveCfg = Release|Any CPU
		{C7B4B86F-45F2-4622-9870-A388BE2EFB78}.Release|Any CPU.Build.0 = Release|Any CPU
		{9D01A1DF-B6DD-435E-BF85-48A333D2500B}.Debug|Any CPU.ActiveCfg = Debug|Any CPU
		{9D01A1DF-B6DD-435E-BF85-48A333D2500B}.Debug|Any CPU.Build.0 = Debug|Any CPU
		{9D01A1DF-B6DD-435E-BF85-48A333D2500B}.Release|Any CPU.ActiveCfg = Release|Any CPU
		{9D01A1DF-B6DD-435E-BF85-48A333D2500B}.Release|Any CPU.Build.0 = Release|Any CPU
		{8BC1E668-7021-447A-9A16-0C79119334F0}.Debug|Any CPU.ActiveCfg = Debug|Any CPU
		{8BC1E668-7021-447A-9A16-0C79119334F0}.Debug|Any CPU.Build.0 = Debug|Any CPU
		{8BC1E668-7021-447A-9A16-0C79119334F0}.Release|Any CPU.ActiveCfg = Release|Any CPU
		{8BC1E668-7021-447A-9A16-0C79119334F0}.Release|Any CPU.Build.0 = Release|Any CPU
		{35638DDF-5169-4FDF-B00B-0F9C9819A464}.Debug|Any CPU.ActiveCfg = Debug|Any CPU
		{35638DDF-5169-4FDF-B00B-0F9C9819A464}.Debug|Any CPU.Build.0 = Debug|Any CPU
		{35638DDF-5169-4FDF-B00B-0F9C9819A464}.Release|Any CPU.ActiveCfg = Release|Any CPU
		{35638DDF-5169-4FDF-B00B-0F9C9819A464}.Release|Any CPU.Build.0 = Release|Any CPU
		{37938722-83C0-48E8-B17A-EFFD97431C7D}.Debug|Any CPU.ActiveCfg = Debug|Any CPU
		{37938722-83C0-48E8-B17A-EFFD97431C7D}.Debug|Any CPU.Build.0 = Debug|Any CPU
		{37938722-83C0-48E8-B17A-EFFD97431C7D}.Release|Any CPU.ActiveCfg = Release|Any CPU
		{37938722-83C0-48E8-B17A-EFFD97431C7D}.Release|Any CPU.Build.0 = Release|Any CPU
		{6757B6BD-D5BD-4AA6-9ABA-C9645BB96E46}.Debug|Any CPU.ActiveCfg = Debug|Any CPU
		{6757B6BD-D5BD-4AA6-9ABA-C9645BB96E46}.Debug|Any CPU.Build.0 = Debug|Any CPU
		{6757B6BD-D5BD-4AA6-9ABA-C9645BB96E46}.Release|Any CPU.ActiveCfg = Release|Any CPU
		{6757B6BD-D5BD-4AA6-9ABA-C9645BB96E46}.Release|Any CPU.Build.0 = Release|Any CPU
		{F66E929B-AC0B-46EA-9334-5E4983F5E0AD}.Debug|Any CPU.ActiveCfg = Debug|Any CPU
		{F66E929B-AC0B-46EA-9334-5E4983F5E0AD}.Debug|Any CPU.Build.0 = Debug|Any CPU
		{F66E929B-AC0B-46EA-9334-5E4983F5E0AD}.Release|Any CPU.ActiveCfg = Release|Any CPU
		{F66E929B-AC0B-46EA-9334-5E4983F5E0AD}.Release|Any CPU.Build.0 = Release|Any CPU
		{8F851BF8-5B3E-4679-95D7-FD4D7140A288}.Debug|Any CPU.ActiveCfg = Debug|Any CPU
		{8F851BF8-5B3E-4679-95D7-FD4D7140A288}.Debug|Any CPU.Build.0 = Debug|Any CPU
		{8F851BF8-5B3E-4679-95D7-FD4D7140A288}.Release|Any CPU.ActiveCfg = Release|Any CPU
		{8F851BF8-5B3E-4679-95D7-FD4D7140A288}.Release|Any CPU.Build.0 = Release|Any CPU
		{BC0C2E65-1D47-40F0-AAA9-C26F634637B9}.Debug|Any CPU.ActiveCfg = Debug|Any CPU
		{BC0C2E65-1D47-40F0-AAA9-C26F634637B9}.Debug|Any CPU.Build.0 = Debug|Any CPU
		{BC0C2E65-1D47-40F0-AAA9-C26F634637B9}.Release|Any CPU.ActiveCfg = Release|Any CPU
		{BC0C2E65-1D47-40F0-AAA9-C26F634637B9}.Release|Any CPU.Build.0 = Release|Any CPU
		{2FDE778A-C9CC-403B-A75C-80E2DF63FC9B}.Debug|Any CPU.ActiveCfg = Debug|Any CPU
		{2FDE778A-C9CC-403B-A75C-80E2DF63FC9B}.Debug|Any CPU.Build.0 = Debug|Any CPU
		{2FDE778A-C9CC-403B-A75C-80E2DF63FC9B}.Release|Any CPU.ActiveCfg = Release|Any CPU
		{2FDE778A-C9CC-403B-A75C-80E2DF63FC9B}.Release|Any CPU.Build.0 = Release|Any CPU
		{DE512D82-C225-4824-8DE3-FA76F2F10548}.Debug|Any CPU.ActiveCfg = Debug|Any CPU
		{DE512D82-C225-4824-8DE3-FA76F2F10548}.Debug|Any CPU.Build.0 = Debug|Any CPU
		{DE512D82-C225-4824-8DE3-FA76F2F10548}.Release|Any CPU.ActiveCfg = Release|Any CPU
		{DE512D82-C225-4824-8DE3-FA76F2F10548}.Release|Any CPU.Build.0 = Release|Any CPU
		{F9C7C99F-F9C5-4AA5-A49E-1F1855AFDC80}.Debug|Any CPU.ActiveCfg = Debug|Any CPU
		{F9C7C99F-F9C5-4AA5-A49E-1F1855AFDC80}.Debug|Any CPU.Build.0 = Debug|Any CPU
		{F9C7C99F-F9C5-4AA5-A49E-1F1855AFDC80}.Release|Any CPU.ActiveCfg = Release|Any CPU
		{F9C7C99F-F9C5-4AA5-A49E-1F1855AFDC80}.Release|Any CPU.Build.0 = Release|Any CPU
	EndGlobalSection
	GlobalSection(SolutionProperties) = preSolution
		HideSolutionNode = FALSE
	EndGlobalSection
	GlobalSection(NestedProjects) = preSolution
		{8F851BF8-5B3E-4679-95D7-FD4D7140A288} = {497624F3-0D60-43C1-A2FE-6EFB62DD23BE}
		{BC0C2E65-1D47-40F0-AAA9-C26F634637B9} = {497624F3-0D60-43C1-A2FE-6EFB62DD23BE}
		{DE512D82-C225-4824-8DE3-FA76F2F10548} = {497624F3-0D60-43C1-A2FE-6EFB62DD23BE}
		{F9C7C99F-F9C5-4AA5-A49E-1F1855AFDC80} = {497624F3-0D60-43C1-A2FE-6EFB62DD23BE}
	EndGlobalSection
EndGlobal
